<?xml version="1.0" encoding="UTF-8" standalone="yes" ?>
<CodeBlocks_project_file>
	<FileVersion major="1" minor="6" />
	<Project>
		<Option title="Practica2MiquelRodriguezSergioBenages" />
		<Option pch_mode="2" />
		<Option compiler="gcc" />
		<Build>
			<Target title="Debug">
				<Option output="bin/Debug/Practica2MiquelRodriguezSergioBenages" prefix_auto="1" extension_auto="1" />
				<Option object_output="obj/Debug/" />
				<Option type="1" />
				<Option compiler="gcc" />
				<Compiler>
					<Add option="-g" />
					<Add directory="include" />
				</Compiler>
			</Target>
			<Target title="Release">
				<Option output="bin/Release/Practica2MiquelRodriguezSergioBenages" prefix_auto="1" extension_auto="1" />
				<Option object_output="obj/Release/" />
				<Option type="1" />
				<Option compiler="gcc" />
				<Compiler>
					<Add option="-O2" />
					<Add directory="include" />
				</Compiler>
				<Linker>
					<Add option="-s" />
				</Linker>
			</Target>
		</Build>
		<Compiler>
			<Add option="-Wall" />
			<Add option="-fexceptions" />
		</Compiler>
		<Unit filename="include/ContenidorBrossa.h" />
		<Unit filename="include/Organic.h" />
		<Unit filename="include/Paper.h" />
		<Unit filename="include/Plastic.h" />
		<Unit filename="include/Poblacio.h" />
		<Unit filename="include/Rebuig.h" />
		<Unit filename="include/Vidre.h" />
		<Unit filename="main.cpp" />
		<Unit filename="src/ContenidorBrossa.cpp" />
		<Unit filename="src/Organic.cpp" />
		<Unit filename="src/Paper.cpp" />
		<Unit filename="src/Plastic.cpp" />
		<Unit filename="src/Poblacio.cpp" />
		<Unit filename="src/Rebuig.cpp" />
		<Unit filename="src/Vidre.cpp" />
		<Extensions>
			<lib_finder disable_auto="1" />
		</Extensions>
	</Project>
</CodeBlocks_project_file>
